
Microsoft Visual Studio Solution File, Format Version 12.00
# Visual Studio 2012
Project("{8BC9CEB8-8B4A-11D0-8D11-00A0C91BC942}") = "assignment3", "assignment3\assignment3.vcxproj", "{15DD0364-5A18-4F1B-AEE8-D9A80A1D0D5C}"
EndProject
Global
	GlobalSection(SolutionConfigurationPlatforms) = preSolution
		Debug|Win32 = Debug|Win32
		Release|Win32 = Release|Win32
	EndGlobalSection
	GlobalSection(ProjectConfigurationPlatforms) = postSolution
		{15DD0364-5A18-4F1B-AEE8-D9A80A1D0D5C}.Debug|Win32.ActiveCfg = Debug|Win32
		{15DD0364-5A18-4F1B-AEE8-D9A80A1D0D5C}.Debug|Win32.Build.0 = Debug|Win32
		{15DD0364-5A18-4F1B-AEE8-D9A80A1D0D5C}.Release|Win32.ActiveCfg = Release|Win32
		{15DD0364-5A18-4F1B-AEE8-D9A80A1D0D5C}.Release|Win32.Build.0 = Release|Win32
	EndGlobalSection
	GlobalSection(SolutionProperties) = preSolution
		HideSolutionNode = FALSE
	EndGlobalSection
EndGlobal
