
Microsoft Visual Studio Solution File, Format Version 12.00
# Visual Studio 2012
Project("{8BC9CEB8-8B4A-11D0-8D11-00A0C91BC942}") = "lab6", "lab6\lab6.vcxproj", "{5CA7D9CE-5A95-400E-B3EF-5585F5C0E5AE}"
EndProject
Global
	GlobalSection(SolutionConfigurationPlatforms) = preSolution
		Debug|Win32 = Debug|Win32
		Release|Win32 = Release|Win32
	EndGlobalSection
	GlobalSection(ProjectConfigurationPlatforms) = postSolution
		{5CA7D9CE-5A95-400E-B3EF-5585F5C0E5AE}.Debug|Win32.ActiveCfg = Debug|Win32
		{5CA7D9CE-5A95-400E-B3EF-5585F5C0E5AE}.Debug|Win32.Build.0 = Debug|Win32
		{5CA7D9CE-5A95-400E-B3EF-5585F5C0E5AE}.Release|Win32.ActiveCfg = Release|Win32
		{5CA7D9CE-5A95-400E-B3EF-5585F5C0E5AE}.Release|Win32.Build.0 = Release|Win32
	EndGlobalSection
	GlobalSection(SolutionProperties) = preSolution
		HideSolutionNode = FALSE
	EndGlobalSection
EndGlobal
