
Microsoft Visual Studio Solution File, Format Version 12.00
# Visual Studio 2012
Project("{8BC9CEB8-8B4A-11D0-8D11-00A0C91BC942}") = "assignment10", "assignment10\assignment10.vcxproj", "{0BB23AD6-9BB4-405B-8CDB-3FA0DB8DFBE0}"
EndProject
Global
	GlobalSection(SolutionConfigurationPlatforms) = preSolution
		Debug|Win32 = Debug|Win32
		Release|Win32 = Release|Win32
	EndGlobalSection
	GlobalSection(ProjectConfigurationPlatforms) = postSolution
		{0BB23AD6-9BB4-405B-8CDB-3FA0DB8DFBE0}.Debug|Win32.ActiveCfg = Debug|Win32
		{0BB23AD6-9BB4-405B-8CDB-3FA0DB8DFBE0}.Debug|Win32.Build.0 = Debug|Win32
		{0BB23AD6-9BB4-405B-8CDB-3FA0DB8DFBE0}.Release|Win32.ActiveCfg = Release|Win32
		{0BB23AD6-9BB4-405B-8CDB-3FA0DB8DFBE0}.Release|Win32.Build.0 = Release|Win32
	EndGlobalSection
	GlobalSection(SolutionProperties) = preSolution
		HideSolutionNode = FALSE
	EndGlobalSection
EndGlobal
